// !$*UTF8*$!
{
	archiveVersion = 1;
	classes = {
	};
	objectVersion = 56;
	objects = {

/* Begin PBXBuildFile section */
		A767D6352B1F88AE008F9561 /* AppDelegate.swift in Sources */ = {isa = PBXBuildFile; fileRef = A767D6342B1F88AE008F9561 /* AppDelegate.swift */; };
		A767D6372B1F88AE008F9561 /* SceneDelegate.swift in Sources */ = {isa = PBXBuildFile; fileRef = A767D6362B1F88AE008F9561 /* SceneDelegate.swift */; };
		A767D6392B1F88AE008F9561 /* ViewController.swift in Sources */ = {isa = PBXBuildFile; fileRef = A767D6382B1F88AE008F9561 /* ViewController.swift */; };
		A767D63C2B1F88AE008F9561 /* Main.storyboard in Resources */ = {isa = PBXBuildFile; fileRef = A767D63A2B1F88AE008F9561 /* Main.storyboard */; };
		A767D63E2B1F88AF008F9561 /* Assets.xcassets in Resources */ = {isa = PBXBuildFile; fileRef = A767D63D2B1F88AF008F9561 /* Assets.xcassets */; };
		A767D6412B1F88AF008F9561 /* LaunchScreen.storyboard in Resources */ = {isa = PBXBuildFile; fileRef = A767D63F2B1F88AF008F9561 /* LaunchScreen.storyboard */; };
		A767D64C2B1F88AF008F9561 /* Lesson_0512Tests.swift in Sources */ = {isa = PBXBuildFile; fileRef = A767D64B2B1F88AF008F9561 /* Lesson_0512Tests.swift */; };
		A767D6562B1F88AF008F9561 /* Lesson_0512UITests.swift in Sources */ = {isa = PBXBuildFile; fileRef = A767D6552B1F88AF008F9561 /* Lesson_0512UITests.swift */; };
		A767D6582B1F88AF008F9561 /* Lesson_0512UITestsLaunchTests.swift in Sources */ = {isa = PBXBuildFile; fileRef = A767D6572B1F88AF008F9561 /* Lesson_0512UITestsLaunchTests.swift */; };
		A767D6652B1FA1F1008F9561 /* Scruct.swift in Sources */ = {isa = PBXBuildFile; fileRef = A767D6642B1FA1F1008F9561 /* Scruct.swift */; };
/* End PBXBuildFile section */

/* Begin PBXContainerItemProxy section */
		A767D6482B1F88AF008F9561 /* PBXContainerItemProxy */ = {
			isa = PBXContainerItemProxy;
			containerPortal = A767D6292B1F88AE008F9561 /* Project object */;
			proxyType = 1;
			remoteGlobalIDString = A767D6302B1F88AE008F9561;
			remoteInfo = "Lesson 0512";
		};
		A767D6522B1F88AF008F9561 /* PBXContainerItemProxy */ = {
			isa = PBXContainerItemProxy;
			containerPortal = A767D6292B1F88AE008F9561 /* Project object */;
			proxyType = 1;
			remoteGlobalIDString = A767D6302B1F88AE008F9561;
			remoteInfo = "Lesson 0512";
		};
/* End PBXContainerItemProxy section */

/* Begin PBXFileReference section */
		A767D6312B1F88AE008F9561 /* Lesson 0512.app */ = {isa = PBXFileReference; explicitFileType = wrapper.application; includeInIndex = 0; path = "Lesson 0512.app"; sourceTree = BUILT_PRODUCTS_DIR; };
		A767D6342B1F88AE008F9561 /* AppDelegate.swift */ = {isa = PBXFileReference; lastKnownFileType = sourcecode.swift; path = AppDelegate.swift; sourceTree = "<group>"; };
		A767D6362B1F88AE008F9561 /* SceneDelegate.swift */ = {isa = PBXFileReference; lastKnownFileType = sourcecode.swift; path = SceneDelegate.swift; sourceTree = "<group>"; };
		A767D6382B1F88AE008F9561 /* ViewController.swift */ = {isa = PBXFileReference; lastKnownFileType = sourcecode.swift; path = ViewController.swift; sourceTree = "<group>"; };
		A767D63B2B1F88AE008F9561 /* Base */ = {isa = PBXFileReference; lastKnownFileType = file.storyboard; name = Base; path = Base.lproj/Main.storyboard; sourceTree = "<group>"; };
		A767D63D2B1F88AF008F9561 /* Assets.xcassets */ = {isa = PBXFileReference; lastKnownFileType = folder.assetcatalog; path = Assets.xcassets; sourceTree = "<group>"; };
		A767D6402B1F88AF008F9561 /* Base */ = {isa = PBXFileReference; lastKnownFileType = file.storyboard; name = Base; path = Base.lproj/LaunchScreen.storyboard; sourceTree = "<group>"; };
		A767D6422B1F88AF008F9561 /* Info.plist */ = {isa = PBXFileReference; lastKnownFileType = text.plist.xml; path = Info.plist; sourceTree = "<group>"; };
		A767D6472B1F88AF008F9561 /* Lesson 0512Tests.xctest */ = {isa = PBXFileReference; explicitFileType = wrapper.cfbundle; includeInIndex = 0; path = "Lesson 0512Tests.xctest"; sourceTree = BUILT_PRODUCTS_DIR; };
		A767D64B2B1F88AF008F9561 /* Lesson_0512Tests.swift */ = {isa = PBXFileReference; lastKnownFileType = sourcecode.swift; path = Lesson_0512Tests.swift; sourceTree = "<group>"; };
		A767D6512B1F88AF008F9561 /* Lesson 0512UITests.xctest */ = {isa = PBXFileReference; explicitFileType = wrapper.cfbundle; includeInIndex = 0; path = "Lesson 0512UITests.xctest"; sourceTree = BUILT_PRODUCTS_DIR; };
		A767D6552B1F88AF008F9561 /* Lesson_0512UITests.swift */ = {isa = PBXFileReference; lastKnownFileType = sourcecode.swift; path = Lesson_0512UITests.swift; sourceTree = "<group>"; };
		A767D6572B1F88AF008F9561 /* Lesson_0512UITestsLaunchTests.swift */ = {isa = PBXFileReference; lastKnownFileType = sourcecode.swift; path = Lesson_0512UITestsLaunchTests.swift; sourceTree = "<group>"; };
		A767D6642B1FA1F1008F9561 /* Scruct.swift */ = {isa = PBXFileReference; lastKnownFileType = sourcecode.swift; path = Scruct.swift; sourceTree = "<group>"; };
/* End PBXFileReference section */

/* Begin PBXFrameworksBuildPhase section */
		A767D62E2B1F88AE008F9561 /* Frameworks */ = {
			isa = PBXFrameworksBuildPhase;
			buildActionMask = 2147483647;
			files = (
			);
			runOnlyForDeploymentPostprocessing = 0;
		};
		A767D6442B1F88AF008F9561 /* Frameworks */ = {
			isa = PBXFrameworksBuildPhase;
			buildActionMask = 2147483647;
			files = (
			);
			runOnlyForDeploymentPostprocessing = 0;
		};
		A767D64E2B1F88AF008F9561 /* Frameworks */ = {
			isa = PBXFrameworksBuildPhase;
			buildActionMask = 2147483647;
			files = (
			);
			runOnlyForDeploymentPostprocessing = 0;
		};
/* End PBXFrameworksBuildPhase section */

/* Begin PBXGroup section */
		A767D6282B1F88AE008F9561 = {
			isa = PBXGroup;
			children = (
				A767D6332B1F88AE008F9561 /* Lesson 0512 */,
				A767D64A2B1F88AF008F9561 /* Lesson 0512Tests */,
				A767D6542B1F88AF008F9561 /* Lesson 0512UITests */,
				A767D6322B1F88AE008F9561 /* Products */,
			);
			sourceTree = "<group>";
		};
		A767D6322B1F88AE008F9561 /* Products */ = {
			isa = PBXGroup;
			children = (
				A767D6312B1F88AE008F9561 /* Lesson 0512.app */,
				A767D6472B1F88AF008F9561 /* Lesson 0512Tests.xctest */,
				A767D6512B1F88AF008F9561 /* Lesson 0512UITests.xctest */,
			);
			name = Products;
			sourceTree = "<group>";
		};
		A767D6332B1F88AE008F9561 /* Lesson 0512 */ = {
			isa = PBXGroup;
			children = (
				A767D6342B1F88AE008F9561 /* AppDelegate.swift */,
				A767D6362B1F88AE008F9561 /* SceneDelegate.swift */,
				A767D6382B1F88AE008F9561 /* ViewController.swift */,
				A767D63A2B1F88AE008F9561 /* Main.storyboard */,
				A767D63D2B1F88AF008F9561 /* Assets.xcassets */,
				A767D63F2B1F88AF008F9561 /* LaunchScreen.storyboard */,
				A767D6422B1F88AF008F9561 /* Info.plist */,
				A767D6642B1FA1F1008F9561 /* Scruct.swift */,
			);
			path = "Lesson 0512";
			sourceTree = "<group>";
		};
		A767D64A2B1F88AF008F9561 /* Lesson 0512Tests */ = {
			isa = PBXGroup;
			children = (
				A767D64B2B1F88AF008F9561 /* Lesson_0512Tests.swift */,
			);
			path = "Lesson 0512Tests";
			sourceTree = "<group>";
		};
		A767D6542B1F88AF008F9561 /* Lesson 0512UITests */ = {
			isa = PBXGroup;
			children = (
				A767D6552B1F88AF008F9561 /* Lesson_0512UITests.swift */,
				A767D6572B1F88AF008F9561 /* Lesson_0512UITestsLaunchTests.swift */,
			);
			path = "Lesson 0512UITests";
			sourceTree = "<group>";
		};
/* End PBXGroup section */

/* Begin PBXNativeTarget section */
		A767D6302B1F88AE008F9561 /* Lesson 0512 */ = {
			isa = PBXNativeTarget;
			buildConfigurationList = A767D65B2B1F88AF008F9561 /* Build configuration list for PBXNativeTarget "Lesson 0512" */;
			buildPhases = (
				A767D62D2B1F88AE008F9561 /* Sources */,
				A767D62E2B1F88AE008F9561 /* Frameworks */,
				A767D62F2B1F88AE008F9561 /* Resources */,
			);
			buildRules = (
			);
			dependencies = (
			);
			name = "Lesson 0512";
			productName = "Lesson 0512";
			productReference = A767D6312B1F88AE008F9561 /* Lesson 0512.app */;
			productType = "com.apple.product-type.application";
		};
		A767D6462B1F88AF008F9561 /* Lesson 0512Tests */ = {
			isa = PBXNativeTarget;
			buildConfigurationList = A767D65E2B1F88AF008F9561 /* Build configuration list for PBXNativeTarget "Lesson 0512Tests" */;
			buildPhases = (
				A767D6432B1F88AF008F9561 /* Sources */,
				A767D6442B1F88AF008F9561 /* Frameworks */,
				A767D6452B1F88AF008F9561 /* Resources */,
			);
			buildRules = (
			);
			dependencies = (
				A767D6492B1F88AF008F9561 /* PBXTargetDependency */,
			);
			name = "Lesson 0512Tests";
			productName = "Lesson 0512Tests";
			productReference = A767D6472B1F88AF008F9561 /* Lesson 0512Tests.xctest */;
			productType = "com.apple.product-type.bundle.unit-test";
		};
		A767D6502B1F88AF008F9561 /* Lesson 0512UITests */ = {
			isa = PBXNativeTarget;
			buildConfigurationList = A767D6612B1F88AF008F9561 /* Build configuration list for PBXNativeTarget "Lesson 0512UITests" */;
			buildPhases = (
				A767D64D2B1F88AF008F9561 /* Sources */,
				A767D64E2B1F88AF008F9561 /* Frameworks */,
				A767D64F2B1F88AF008F9561 /* Resources */,
			);
			buildRules = (
			);
			dependencies = (
				A767D6532B1F88AF008F9561 /* PBXTargetDependency */,
			);
			name = "Lesson 0512UITests";
			productName = "Lesson 0512UITests";
			productReference = A767D6512B1F88AF008F9561 /* Lesson 0512UITests.xctest */;
			productType = "com.apple.product-type.bundle.ui-testing";
		};
/* End PBXNativeTarget section */

/* Begin PBXProject section */
		A767D6292B1F88AE008F9561 /* Project object */ = {
			isa = PBXProject;
			attributes = {
				BuildIndependentTargetsInParallel = 1;
				LastSwiftUpdateCheck = 1500;
				LastUpgradeCheck = 1500;
				TargetAttributes = {
					A767D6302B1F88AE008F9561 = {
						CreatedOnToolsVersion = 15.0.1;
					};
					A767D6462B1F88AF008F9561 = {
						CreatedOnToolsVersion = 15.0.1;
						TestTargetID = A767D6302B1F88AE008F9561;
					};
					A767D6502B1F88AF008F9561 = {
						CreatedOnToolsVersion = 15.0.1;
						TestTargetID = A767D6302B1F88AE008F9561;
					};
				};
			};
			buildConfigurationList = A767D62C2B1F88AE008F9561 /* Build configuration list for PBXProject "Lesson 0512" */;
			compatibilityVersion = "Xcode 14.0";
			developmentRegion = en;
			hasScannedForEncodings = 0;
			knownRegions = (
				en,
				Base,
			);
			mainGroup = A767D6282B1F88AE008F9561;
			productRefGroup = A767D6322B1F88AE008F9561 /* Products */;
			projectDirPath = "";
			projectRoot = "";
			targets = (
				A767D6302B1F88AE008F9561 /* Lesson 0512 */,
				A767D6462B1F88AF008F9561 /* Lesson 0512Tests */,
				A767D6502B1F88AF008F9561 /* Lesson 0512UITests */,
			);
		};
/* End PBXProject section */

/* Begin PBXResourcesBuildPhase section */
		A767D62F2B1F88AE008F9561 /* Resources */ = {
			isa = PBXResourcesBuildPhase;
			buildActionMask = 2147483647;
			files = (
				A767D6412B1F88AF008F9561 /* LaunchScreen.storyboard in Resources */,
				A767D63E2B1F88AF008F9561 /* Assets.xcassets in Resources */,
				A767D63C2B1F88AE008F9561 /* Main.storyboard in Resources */,
			);
			runOnlyForDeploymentPostprocessing = 0;
		};
		A767D6452B1F88AF008F9561 /* Resources */ = {
			isa = PBXResourcesBuildPhase;
			buildActionMask = 2147483647;
			files = (
			);
			runOnlyForDeploymentPostprocessing = 0;
		};
		A767D64F2B1F88AF008F9561 /* Resources */ = {
			isa = PBXResourcesBuildPhase;
			buildActionMask = 2147483647;
			files = (
			);
			runOnlyForDeploymentPostprocessing = 0;
		};
/* End PBXResourcesBuildPhase section */

/* Begin PBXSourcesBuildPhase section */
		A767D62D2B1F88AE008F9561 /* Sources */ = {
			isa = PBXSourcesBuildPhase;
			buildActionMask = 2147483647;
			files = (
				A767D6392B1F88AE008F9561 /* ViewController.swift in Sources */,
				A767D6352B1F88AE008F9561 /* AppDelegate.swift in Sources */,
				A767D6372B1F88AE008F9561 /* SceneDelegate.swift in Sources */,
				A767D6652B1FA1F1008F9561 /* Scruct.swift in Sources */,
			);
			runOnlyForDeploymentPostprocessing = 0;
		};
		A767D6432B1F88AF008F9561 /* Sources */ = {
			isa = PBXSourcesBuildPhase;
			buildActionMask = 2147483647;
			files = (
				A767D64C2B1F88AF008F9561 /* Lesson_0512Tests.swift in Sources */,
			);
			runOnlyForDeploymentPostprocessing = 0;
		};
		A767D64D2B1F88AF008F9561 /* Sources */ = {
			isa = PBXSourcesBuildPhase;
			buildActionMask = 2147483647;
			files = (
				A767D6582B1F88AF008F9561 /* Lesson_0512UITestsLaunchTests.swift in Sources */,
				A767D6562B1F88AF008F9561 /* Lesson_0512UITests.swift in Sources */,
			);
			runOnlyForDeploymentPostprocessing = 0;
		};
/* End PBXSourcesBuildPhase section */

/* Begin PBXTargetDependency section */
		A767D6492B1F88AF008F9561 /* PBXTargetDependency */ = {
			isa = PBXTargetDependency;
			target = A767D6302B1F88AE008F9561 /* Lesson 0512 */;
			targetProxy = A767D6482B1F88AF008F9561 /* PBXContainerItemProxy */;
		};
		A767D6532B1F88AF008F9561 /* PBXTargetDependency */ = {
			isa = PBXTargetDependency;
			target = A767D6302B1F88AE008F9561 /* Lesson 0512 */;
			targetProxy = A767D6522B1F88AF008F9561 /* PBXContainerItemProxy */;
		};
/* End PBXTargetDependency section */

/* Begin PBXVariantGroup section */
		A767D63A2B1F88AE008F9561 /* Main.storyboard */ = {
			isa = PBXVariantGroup;
			children = (
				A767D63B2B1F88AE008F9561 /* Base */,
			);
			name = Main.storyboard;
			sourceTree = "<group>";
		};
		A767D63F2B1F88AF008F9561 /* LaunchScreen.storyboard */ = {
			isa = PBXVariantGroup;
			children = (
				A767D6402B1F88AF008F9561 /* Base */,
			);
			name = LaunchScreen.storyboard;
			sourceTree = "<group>";
		};
/* End PBXVariantGroup section */

/* Begin XCBuildConfiguration section */
		A767D6592B1F88AF008F9561 /* Debug */ = {
			isa = XCBuildConfiguration;
			buildSettings = {
				ALWAYS_SEARCH_USER_PATHS = NO;
				ASSETCATALOG_COMPILER_GENERATE_SWIFT_ASSET_SYMBOL_EXTENSIONS = YES;
				CLANG_ANALYZER_NONNULL = YES;
				CLANG_ANALYZER_NUMBER_OBJECT_CONVERSION = YES_AGGRESSIVE;
				CLANG_CXX_LANGUAGE_STANDARD = "gnu++20";
				CLANG_ENABLE_MODULES = YES;
				CLANG_ENABLE_OBJC_ARC = YES;
				CLANG_ENABLE_OBJC_WEAK = YES;
				CLANG_WARN_BLOCK_CAPTURE_AUTORELEASING = YES;
				CLANG_WARN_BOOL_CONVERSION = YES;
				CLANG_WARN_COMMA = YES;
				CLANG_WARN_CONSTANT_CONVERSION = YES;
				CLANG_WARN_DEPRECATED_OBJC_IMPLEMENTATIONS = YES;
				CLANG_WARN_DIRECT_OBJC_ISA_USAGE = YES_ERROR;
				CLANG_WARN_DOCUMENTATION_COMMENTS = YES;
				CLANG_WARN_EMPTY_BODY = YES;
				CLANG_WARN_ENUM_CONVERSION = YES;
				CLANG_WARN_INFINITE_RECURSION = YES;
				CLANG_WARN_INT_CONVERSION = YES;
				CLANG_WARN_NON_LITERAL_NULL_CONVERSION = YES;
				CLANG_WARN_OBJC_IMPLICIT_RETAIN_SELF = YES;
				CLANG_WARN_OBJC_LITERAL_CONVERSION = YES;
				CLANG_WARN_OBJC_ROOT_CLASS = YES_ERROR;
				CLANG_WARN_QUOTED_INCLUDE_IN_FRAMEWORK_HEADER = YES;
				CLANG_WARN_RANGE_LOOP_ANALYSIS = YES;
				CLANG_WARN_STRICT_PROTOTYPES = YES;
				CLANG_WARN_SUSPICIOUS_MOVE = YES;
				CLANG_WARN_UNGUARDED_AVAILABILITY = YES_AGGRESSIVE;
				CLANG_WARN_UNREACHABLE_CODE = YES;
				CLANG_WARN__DUPLICATE_METHOD_MATCH = YES;
				COPY_PHASE_STRIP = NO;
				DEBUG_INFORMATION_FORMAT = dwarf;
				ENABLE_STRICT_OBJC_MSGSEND = YES;
				ENABLE_TESTABILITY = YES;
				ENABLE_USER_SCRIPT_SANDBOXING = YES;
				GCC_C_LANGUAGE_STANDARD = gnu17;
				GCC_DYNAMIC_NO_PIC = NO;
				GCC_NO_COMMON_BLOCKS = YES;
				GCC_OPTIMIZATION_LEVEL = 0;
				GCC_PREPROCESSOR_DEFINITIONS = (
					"DEBUG=1",
					"$(inherited)",
				);
				GCC_WARN_64_TO_32_BIT_CONVERSION = YES;
				GCC_WARN_ABOUT_RETURN_TYPE = YES_ERROR;
				GCC_WARN_UNDECLARED_SELECTOR = YES;
				GCC_WARN_UNINITIALIZED_AUTOS = YES_AGGRESSIVE;
				GCC_WARN_UNUSED_FUNCTION = YES;
				GCC_WARN_UNUSED_VARIABLE = YES;
				IPHONEOS_DEPLOYMENT_TARGET = 17.0;
				LOCALIZATION_PREFERS_STRING_CATALOGS = YES;
				MTL_ENABLE_DEBUG_INFO = INCLUDE_SOURCE;
				MTL_FAST_MATH = YES;
				ONLY_ACTIVE_ARCH = YES;
				SDKROOT = iphoneos;
				SWIFT_ACTIVE_COMPILATION_CONDITIONS = "DEBUG $(inherited)";
				SWIFT_OPTIMIZATION_LEVEL = "-Onone";
			};
			name = Debug;
		};
		A767D65A2B1F88AF008F9561 /* Release */ = {
			isa = XCBuildConfiguration;
			buildSettings = {
				ALWAYS_SEARCH_USER_PATHS = NO;
				ASSETCATALOG_COMPILER_GENERATE_SWIFT_ASSET_SYMBOL_EXTENSIONS = YES;
				CLANG_ANALYZER_NONNULL = YES;
				CLANG_ANALYZER_NUMBER_OBJECT_CONVERSION = YES_AGGRESSIVE;
				CLANG_CXX_LANGUAGE_STANDARD = "gnu++20";
				CLANG_ENABLE_MODULES = YES;
				CLANG_ENABLE_OBJC_ARC = YES;
				CLANG_ENABLE_OBJC_WEAK = YES;
				CLANG_WARN_BLOCK_CAPTURE_AUTORELEASING = YES;
				CLANG_WARN_BOOL_CONVERSION = YES;
				CLANG_WARN_COMMA = YES;
				CLANG_WARN_CONSTANT_CONVERSION = YES;
				CLANG_WARN_DEPRECATED_OBJC_IMPLEMENTATIONS = YES;
				CLANG_WARN_DIRECT_OBJC_ISA_USAGE = YES_ERROR;
				CLANG_WARN_DOCUMENTATION_COMMENTS = YES;
				CLANG_WARN_EMPTY_BODY = YES;
				CLANG_WARN_ENUM_CONVERSION = YES;
				CLANG_WARN_INFINITE_RECURSION = YES;
				CLANG_WARN_INT_CONVERSION = YES;
				CLANG_WARN_NON_LITERAL_NULL_CONVERSION = YES;
				CLANG_WARN_OBJC_IMPLICIT_RETAIN_SELF = YES;
				CLANG_WARN_OBJC_LITERAL_CONVERSION = YES;
				CLANG_WARN_OBJC_ROOT_CLASS = YES_ERROR;
				CLANG_WARN_QUOTED_INCLUDE_IN_FRAMEWORK_HEADER = YES;
				CLANG_WARN_RANGE_LOOP_ANALYSIS = YES;
				CLANG_WARN_STRICT_PROTOTYPES = YES;
				CLANG_WARN_SUSPICIOUS_MOVE = YES;
				CLANG_WARN_UNGUARDED_AVAILABILITY = YES_AGGRESSIVE;
				CLANG_WARN_UNREACHABLE_CODE = YES;
				CLANG_WARN__DUPLICATE_METHOD_MATCH = YES;
				COPY_PHASE_STRIP = NO;
				DEBUG_INFORMATION_FORMAT = "dwarf-with-dsym";
				ENABLE_NS_ASSERTIONS = NO;
				ENABLE_STRICT_OBJC_MSGSEND = YES;
				ENABLE_USER_SCRIPT_SANDBOXING = YES;
				GCC_C_LANGUAGE_STANDARD = gnu17;
				GCC_NO_COMMON_BLOCKS = YES;
				GCC_WARN_64_TO_32_BIT_CONVERSION = YES;
				GCC_WARN_ABOUT_RETURN_TYPE = YES_ERROR;
				GCC_WARN_UNDECLARED_SELECTOR = YES;
				GCC_WARN_UNINITIALIZED_AUTOS = YES_AGGRESSIVE;
				GCC_WARN_UNUSED_FUNCTION = YES;
				GCC_WARN_UNUSED_VARIABLE = YES;
				IPHONEOS_DEPLOYMENT_TARGET = 17.0;
				LOCALIZATION_PREFERS_STRING_CATALOGS = YES;
				MTL_ENABLE_DEBUG_INFO = NO;
				MTL_FAST_MATH = YES;
				SDKROOT = iphoneos;
				SWIFT_COMPILATION_MODE = wholemodule;
				VALIDATE_PRODUCT = YES;
			};
			name = Release;
		};
		A767D65C2B1F88AF008F9561 /* Debug */ = {
			isa = XCBuildConfiguration;
			buildSettings = {
				ASSETCATALOG_COMPILER_APPICON_NAME = AppIcon;
				ASSETCATALOG_COMPILER_GLOBAL_ACCENT_COLOR_NAME = AccentColor;
				CODE_SIGN_STYLE = Automatic;
				CURRENT_PROJECT_VERSION = 1;
				GENERATE_INFOPLIST_FILE = YES;
				INFOPLIST_FILE = "Lesson 0512/Info.plist";
				INFOPLIST_KEY_UIApplicationSupportsIndirectInputEvents = YES;
				INFOPLIST_KEY_UILaunchStoryboardName = LaunchScreen;
				INFOPLIST_KEY_UIMainStoryboardFile = Main;
				INFOPLIST_KEY_UISupportedInterfaceOrientations_iPad = "UIInterfaceOrientationPortrait UIInterfaceOrientationPortraitUpsideDown UIInterfaceOrientationLandscapeLeft UIInterfaceOrientationLandscapeRight";
				INFOPLIST_KEY_UISupportedInterfaceOrientations_iPhone = "UIInterfaceOrientationPortrait UIInterfaceOrientationLandscapeLeft UIInterfaceOrientationLandscapeRight";
				LD_RUNPATH_SEARCH_PATHS = (
					"$(inherited)",
					"@executable_path/Frameworks",
				);
				MARKETING_VERSION = 1.0;
				PRODUCT_BUNDLE_IDENTIFIER = "tms.Lesson-0512";
				PRODUCT_NAME = "$(TARGET_NAME)";
				SWIFT_EMIT_LOC_STRINGS = YES;
				SWIFT_VERSION = 5.0;
				TARGETED_DEVICE_FAMILY = "1,2";
			};
			name = Debug;
		};
		A767D65D2B1F88AF008F9561 /* Release */ = {
			isa = XCBuildConfiguration;
			buildSettings = {
				ASSETCATALOG_COMPILER_APPICON_NAME = AppIcon;
				ASSETCATALOG_COMPILER_GLOBAL_ACCENT_COLOR_NAME = AccentColor;
				CODE_SIGN_STYLE = Automatic;
				CURRENT_PROJECT_VERSION = 1;
				GENERATE_INFOPLIST_FILE = YES;
				INFOPLIST_FILE = "Lesson 0512/Info.plist";
				INFOPLIST_KEY_UIApplicationSupportsIndirectInputEvents = YES;
				INFOPLIST_KEY_UILaunchStoryboardName = LaunchScreen;
				INFOPLIST_KEY_UIMainStoryboardFile = Main;
				INFOPLIST_KEY_UISupportedInterfaceOrientations_iPad = "UIInterfaceOrientationPortrait UIInterfaceOrientationPortraitUpsideDown UIInterfaceOrientationLandscapeLeft UIInterfaceOrientationLandscapeRight";
				INFOPLIST_KEY_UISupportedInterfaceOrientations_iPhone = "UIInterfaceOrientationPortrait UIInterfaceOrientationLandscapeLeft UIInterfaceOrientationLandscapeRight";
				LD_RUNPATH_SEARCH_PATHS = (
					"$(inherited)",
					"@executable_path/Frameworks",
				);
				MARKETING_VERSION = 1.0;
				PRODUCT_BUNDLE_IDENTIFIER = "tms.Lesson-0512";
				PRODUCT_NAME = "$(TARGET_NAME)";
				SWIFT_EMIT_LOC_STRINGS = YES;
				SWIFT_VERSION = 5.0;
				TARGETED_DEVICE_FAMILY = "1,2";
			};
			name = Release;
		};
		A767D65F2B1F88AF008F9561 /* Debug */ = {
			isa = XCBuildConfiguration;
			buildSettings = {
				ALWAYS_EMBED_SWIFT_STANDARD_LIBRARIES = YES;
				BUNDLE_LOADER = "$(TEST_HOST)";
				CODE_SIGN_STYLE = Automatic;
				CURRENT_PROJECT_VERSION = 1;
				GENERATE_INFOPLIST_FILE = YES;
				IPHONEOS_DEPLOYMENT_TARGET = 17.0;
				MARKETING_VERSION = 1.0;
				PRODUCT_BUNDLE_IDENTIFIER = "tms.Lesson-0512Tests";
				PRODUCT_NAME = "$(TARGET_NAME)";
				SWIFT_EMIT_LOC_STRINGS = NO;
				SWIFT_VERSION = 5.0;
				TARGETED_DEVICE_FAMILY = "1,2";
				TEST_HOST = "$(BUILT_PRODUCTS_DIR)/Lesson 0512.app/$(BUNDLE_EXECUTABLE_FOLDER_PATH)/Lesson 0512";
			};
			name = Debug;
		};
		A767D6602B1F88AF008F9561 /* Release */ = {
			isa = XCBuildConfiguration;
			buildSettings = {
				ALWAYS_EMBED_SWIFT_STANDARD_LIBRARIES = YES;
				BUNDLE_LOADER = "$(TEST_HOST)";
				CODE_SIGN_STYLE = Automatic;
				CURRENT_PROJECT_VERSION = 1;
				GENERATE_INFOPLIST_FILE = YES;
				IPHONEOS_DEPLOYMENT_TARGET = 17.0;
				MARKETING_VERSION = 1.0;
				PRODUCT_BUNDLE_IDENTIFIER = "tms.Lesson-0512Tests";
				PRODUCT_NAME = "$(TARGET_NAME)";
				SWIFT_EMIT_LOC_STRINGS = NO;
				SWIFT_VERSION = 5.0;
				TARGETED_DEVICE_FAMILY = "1,2";
				TEST_HOST = "$(BUILT_PRODUCTS_DIR)/Lesson 0512.app/$(BUNDLE_EXECUTABLE_FOLDER_PATH)/Lesson 0512";
			};
			name = Release;
		};
		A767D6622B1F88AF008F9561 /* Debug */ = {
			isa = XCBuildConfiguration;
			buildSettings = {
				ALWAYS_EMBED_SWIFT_STANDARD_LIBRARIES = YES;
				CODE_SIGN_STYLE = Automatic;
				CURRENT_PROJECT_VERSION = 1;
				GENERATE_INFOPLIST_FILE = YES;
				MARKETING_VERSION = 1.0;
				PRODUCT_BUNDLE_IDENTIFIER = "tms.Lesson-0512UITests";
				PRODUCT_NAME = "$(TARGET_NAME)";
				SWIFT_EMIT_LOC_STRINGS = NO;
				SWIFT_VERSION = 5.0;
				TARGETED_DEVICE_FAMILY = "1,2";
				TEST_TARGET_NAME = "Lesson 0512";
			};
			name = Debug;
		};
		A767D6632B1F88AF008F9561 /* Release */ = {
			isa = XCBuildConfiguration;
			buildSettings = {
				ALWAYS_EMBED_SWIFT_STANDARD_LIBRARIES = YES;
				CODE_SIGN_STYLE = Automatic;
				CURRENT_PROJECT_VERSION = 1;
				GENERATE_INFOPLIST_FILE = YES;
				MARKETING_VERSION = 1.0;
				PRODUCT_BUNDLE_IDENTIFIER = "tms.Lesson-0512UITests";
				PRODUCT_NAME = "$(TARGET_NAME)";
				SWIFT_EMIT_LOC_STRINGS = NO;
				SWIFT_VERSION = 5.0;
				TARGETED_DEVICE_FAMILY = "1,2";
				TEST_TARGET_NAME = "Lesson 0512";
			};
			name = Release;
		};
/* End XCBuildConfiguration section */

/* Begin XCConfigurationList section */
		A767D62C2B1F88AE008F9561 /* Build configuration list for PBXProject "Lesson 0512" */ = {
			isa = XCConfigurationList;
			buildConfigurations = (
				A767D6592B1F88AF008F9561 /* Debug */,
				A767D65A2B1F88AF008F9561 /* Release */,
			);
			defaultConfigurationIsVisible = 0;
			defaultConfigurationName = Release;
		};
		A767D65B2B1F88AF008F9561 /* Build configuration list for PBXNativeTarget "Lesson 0512" */ = {
			isa = XCConfigurationList;
			buildConfigurations = (
				A767D65C2B1F88AF008F9561 /* Debug */,
				A767D65D2B1F88AF008F9561 /* Release */,
			);
			defaultConfigurationIsVisible = 0;
			defaultConfigurationName = Release;
		};
		A767D65E2B1F88AF008F9561 /* Build configuration list for PBXNativeTarget "Lesson 0512Tests" */ = {
			isa = XCConfigurationList;
			buildConfigurations = (
				A767D65F2B1F88AF008F9561 /* Debug */,
				A767D6602B1F88AF008F9561 /* Release */,
			);
			defaultConfigurationIsVisible = 0;
			defaultConfigurationName = Release;
		};
		A767D6612B1F88AF008F9561 /* Build configuration list for PBXNativeTarget "Lesson 0512UITests" */ = {
			isa = XCConfigurationList;
			buildConfigurations = (
				A767D6622B1F88AF008F9561 /* Debug */,
				A767D6632B1F88AF008F9561 /* Release */,
			);
			defaultConfigurationIsVisible = 0;
			defaultConfigurationName = Release;
		};
/* End XCConfigurationList section */
	};
	rootObject = A767D6292B1F88AE008F9561 /* Project object */;
}
